{
  "originHash" : "e380c1646c7c49ae117d55c2b0f52fc5c4056370b68064cd3c0713a399c4a38b",
  "pins" : [
    {
      "identity" : "cpicosdk",
      "kind" : "remoteSourceControl",
      "location" : "git@github.com:ckaik/CPicoSDK.git",
      "state" : {
        "branch" : "ai-hang-fix",
        "revision" : "cce511e485b07884219235b541e2fd22ede88c19"
      }
    },
    {
      "identity" : "picosdkdownloader",
      "kind" : "remoteSourceControl",
      "location" : "https://github.com/sympatito/PicoSDKDownloader",
      "state" : {
        "revision" : "0716b9a392691b90fa9fd1531da5e2b9a51e9630",
        "version" : "0.0.4"
      }
    },
    {
      "identity" : "swift-argument-parser",
      "kind" : "remoteSourceControl",
      "location" : "https://github.com/apple/swift-argument-parser",
      "state" : {
        "revision" : "c5d11a805e765f52ba34ec7284bd4fcd6ba68615",
        "version" : "1.7.0"
      }
    },
    {
      "identity" : "swift-syntax",
      "kind" : "remoteSourceControl",
      "location" : "https://github.com/swiftlang/swift-syntax.git",
      "state" : {
        "revision" : "4799286537280063c85a32f09884cfbca301b1a1",
        "version" : "602.0.0"
      }
    }
  ],
  "version" : 3
}
