{
  "originHash" : "fa121eefd0848e6faedc0f37fe49a302af3212dd7601521055b9ae755b672187",
  "pins" : [
    {
      "identity" : "cpicosdk",
      "kind" : "remoteSourceControl",
      "location" : "https://github.com/gonzalolarralde/CPicoSDK",
      "state" : {
        "revision" : "340e3f1b1f6ccdb873b007509740974fe768b236",
        "version" : "2.2.2"
      }
    },
    {
      "identity" : "picosdkdownloader",
      "kind" : "remoteSourceControl",
      "location" : "https://github.com/sympatito/PicoSDKDownloader",
      "state" : {
        "revision" : "0716b9a392691b90fa9fd1531da5e2b9a51e9630",
        "version" : "0.0.4"
      }
    },
    {
      "identity" : "swift-argument-parser",
      "kind" : "remoteSourceControl",
      "location" : "https://github.com/apple/swift-argument-parser",
      "state" : {
        "revision" : "c5d11a805e765f52ba34ec7284bd4fcd6ba68615",
        "version" : "1.7.0"
      }
    }
  ],
  "version" : 3
}
